
Microsoft Visual Studio Solution File, Format Version 12.00
# Visual Studio Version 16
VisualStudioVersion = 16.0.30309.148
MinimumVisualStudioVersion = 10.0.40219.1
Project("{FAE04EC0-301F-11D3-BF4B-00C04F79EFBC}") = "LoginTests", "LoginTests\LoginTests.csproj", "{7E16474C-96BE-4C0A-B2A1-6CDF674ABA14}"
EndProject
Project("{FAE04EC0-301F-11D3-BF4B-00C04F79EFBC}") = "ResultsTests", "ResultsTests\ResultsTests.csproj", "{A91D756A-7CA7-4258-B201-D730B5C47660}"
EndProject
Project("{FAE04EC0-301F-11D3-BF4B-00C04F79EFBC}") = "AssessmentTests", "AssessmentTests\AssessmentTests.csproj", "{B1D5CD24-32E3-4FB1-B61B-8682C6AA2E77}"
EndProject
Project("{9A19103F-16F7-4668-BE54-9A1E7A4F7556}") = "PageObjectModels", "PageObjectModels\PageObjectModels.csproj", "{123AB932-55F0-4DC1-9753-50105F8E25BE}"
EndProject
Project("{2150E333-8FDC-42A3-9474-1A3956D46DE8}") = "Project Files", "Project Files", "{01E5B7A8-D793-4C10-B3CB-AF81576BB9EB}"
	ProjectSection(SolutionItems) = preProject
		..\README.md = ..\README.md
	EndProjectSection
EndProject
Global
	GlobalSection(SolutionConfigurationPlatforms) = preSolution
		Debug|Any CPU = Debug|Any CPU
		Release|Any CPU = Release|Any CPU
	EndGlobalSection
	GlobalSection(ProjectConfigurationPlatforms) = postSolution
		{7E16474C-96BE-4C0A-B2A1-6CDF674ABA14}.Debug|Any CPU.ActiveCfg = Debug|Any CPU
		{7E16474C-96BE-4C0A-B2A1-6CDF674ABA14}.Debug|Any CPU.Build.0 = Debug|Any CPU
		{7E16474C-96BE-4C0A-B2A1-6CDF674ABA14}.Release|Any CPU.ActiveCfg = Release|Any CPU
		{7E16474C-96BE-4C0A-B2A1-6CDF674ABA14}.Release|Any CPU.Build.0 = Release|Any CPU
		{A91D756A-7CA7-4258-B201-D730B5C47660}.Debug|Any CPU.ActiveCfg = Debug|Any CPU
		{A91D756A-7CA7-4258-B201-D730B5C47660}.Debug|Any CPU.Build.0 = Debug|Any CPU
		{A91D756A-7CA7-4258-B201-D730B5C47660}.Release|Any CPU.ActiveCfg = Release|Any CPU
		{A91D756A-7CA7-4258-B201-D730B5C47660}.Release|Any CPU.Build.0 = Release|Any CPU
		{B1D5CD24-32E3-4FB1-B61B-8682C6AA2E77}.Debug|Any CPU.ActiveCfg = Debug|Any CPU
		{B1D5CD24-32E3-4FB1-B61B-8682C6AA2E77}.Debug|Any CPU.Build.0 = Debug|Any CPU
		{B1D5CD24-32E3-4FB1-B61B-8682C6AA2E77}.Release|Any CPU.ActiveCfg = Release|Any CPU
		{B1D5CD24-32E3-4FB1-B61B-8682C6AA2E77}.Release|Any CPU.Build.0 = Release|Any CPU
		{123AB932-55F0-4DC1-9753-50105F8E25BE}.Debug|Any CPU.ActiveCfg = Debug|Any CPU
		{123AB932-55F0-4DC1-9753-50105F8E25BE}.Debug|Any CPU.Build.0 = Debug|Any CPU
		{123AB932-55F0-4DC1-9753-50105F8E25BE}.Release|Any CPU.ActiveCfg = Release|Any CPU
		{123AB932-55F0-4DC1-9753-50105F8E25BE}.Release|Any CPU.Build.0 = Release|Any CPU
	EndGlobalSection
	GlobalSection(SolutionProperties) = preSolution
		HideSolutionNode = FALSE
	EndGlobalSection
	GlobalSection(ExtensibilityGlobals) = postSolution
		SolutionGuid = {2500FBFB-31F8-4103-88AD-40A4D661D80F}
	EndGlobalSection
EndGlobal
