
Microsoft Visual Studio Solution File, Format Version 12.00
# Visual Studio Version 16
VisualStudioVersion = 16.0.30309.148
MinimumVisualStudioVersion = 10.0.40219.1
Project("{FAE04EC0-301F-11D3-BF4B-00C04F79EFBC}") = "SharedLib", "SharedLib\SharedLib.csproj", "{34DC2123-01CB-4D6A-9F8A-E30EC00E8DF3}"
EndProject
Project("{FAE04EC0-301F-11D3-BF4B-00C04F79EFBC}") = "PageObjectModel_ResultsPage", "PageObjectModel_Results\PageObjectModel_ResultsPage.csproj", "{F27E2D55-627C-4898-B61E-3A73ECAB0D8E}"
EndProject
Project("{FAE04EC0-301F-11D3-BF4B-00C04F79EFBC}") = "Tests_Results", "ClassLibrary1\Tests_Results.csproj", "{A91D756A-7CA7-4258-B201-D730B5C47660}"
EndProject
Global
	GlobalSection(SolutionConfigurationPlatforms) = preSolution
		Debug|Any CPU = Debug|Any CPU
		Release|Any CPU = Release|Any CPU
	EndGlobalSection
	GlobalSection(ProjectConfigurationPlatforms) = postSolution
		{34DC2123-01CB-4D6A-9F8A-E30EC00E8DF3}.Debug|Any CPU.ActiveCfg = Debug|Any CPU
		{34DC2123-01CB-4D6A-9F8A-E30EC00E8DF3}.Debug|Any CPU.Build.0 = Debug|Any CPU
		{34DC2123-01CB-4D6A-9F8A-E30EC00E8DF3}.Release|Any CPU.ActiveCfg = Release|Any CPU
		{34DC2123-01CB-4D6A-9F8A-E30EC00E8DF3}.Release|Any CPU.Build.0 = Release|Any CPU
		{F27E2D55-627C-4898-B61E-3A73ECAB0D8E}.Debug|Any CPU.ActiveCfg = Debug|Any CPU
		{F27E2D55-627C-4898-B61E-3A73ECAB0D8E}.Debug|Any CPU.Build.0 = Debug|Any CPU
		{F27E2D55-627C-4898-B61E-3A73ECAB0D8E}.Release|Any CPU.ActiveCfg = Release|Any CPU
		{F27E2D55-627C-4898-B61E-3A73ECAB0D8E}.Release|Any CPU.Build.0 = Release|Any CPU
		{A91D756A-7CA7-4258-B201-D730B5C47660}.Debug|Any CPU.ActiveCfg = Debug|Any CPU
		{A91D756A-7CA7-4258-B201-D730B5C47660}.Debug|Any CPU.Build.0 = Debug|Any CPU
		{A91D756A-7CA7-4258-B201-D730B5C47660}.Release|Any CPU.ActiveCfg = Release|Any CPU
		{A91D756A-7CA7-4258-B201-D730B5C47660}.Release|Any CPU.Build.0 = Release|Any CPU
	EndGlobalSection
	GlobalSection(SolutionProperties) = preSolution
		HideSolutionNode = FALSE
	EndGlobalSection
	GlobalSection(ExtensibilityGlobals) = postSolution
		SolutionGuid = {2500FBFB-31F8-4103-88AD-40A4D661D80F}
	EndGlobalSection
EndGlobal
